# THIS IS AN AUTOGENERATED FILE. DO NOT EDIT THIS FILE DIRECTLY.
# yarn lockfile v1


"@editorjs/code@^2.7.0":
  version "2.7.0"
  resolved "https://registry.yarnpkg.com/@editorjs/code/-/code-2.7.0.tgz#0a21de9ac15e4533605ffcc80969513ab2142ac5"
  integrity sha512-gXtTce915fHp3H9i4IqhTxEDbbkT2heFfYiW/bhFHsCmZDpyGzfZxi94kmrEqDmbxXjV49ZZ6GZbR26If13KJw==

"@editorjs/delimiter@^1.2.0":
  version "1.2.0"
  resolved "https://registry.yarnpkg.com/@editorjs/delimiter/-/delimiter-1.2.0.tgz#5075f1a3e68765cfb6aec8694b316d81e2b41607"
  integrity sha512-GKsCFPk85vH5FuCuVQ48NTLc9hk0T3DsBH9zABaicTYIJayFcUa8N4/Y+L3i4tduzDqqyvoxkv+5n43GmC5gEA==

"@editorjs/editorjs@^2.23.2":
  version "2.23.2"
  resolved "https://registry.yarnpkg.com/@editorjs/editorjs/-/editorjs-2.23.2.tgz#a4d3e60de8052602233750eda353596c09131a90"
  integrity sha512-SXWQjxE/ZO6zWvo83U+gfkM9LVJzYOtNkttyXkdfyYALVWiENyxtlej/Jmd1TZ4yWpKwQEICPXz0ceGkzKnJyQ==
  dependencies:
    codex-notifier "^1.1.2"
    codex-tooltip "^1.0.4"
    nanoid "^3.1.22"

"@editorjs/embed@^2.5.1":
  version "2.5.1"
  resolved "https://registry.yarnpkg.com/@editorjs/embed/-/embed-2.5.1.tgz#e03e56d880df7816e34f5419b4ed0e8059885173"
  integrity sha512-QoBvC6upo5ubO0toGlt5b1Upcq15MC4eqejxcjcm291Ww5cO+lKhSFY6KNk3ldL9PnWKtORxFCd6pAawtkkijA==

"@editorjs/header@^2.6.2":
  version "2.6.2"
  resolved "https://registry.yarnpkg.com/@editorjs/header/-/header-2.6.2.tgz#523b6dda72ff882e53f64325840ee7bfc68ee6b7"
  integrity sha512-U1dnT+KGjwFmpWneEEyR2Nqp42hn9iKwQDgRHWQM+y6qx82pg+eAyuIf0QWt2Mluu9uPD2CzNfvJ+pxIuwX8Lw==

"@editorjs/image@^2.6.2":
  version "2.6.2"
  resolved "https://registry.yarnpkg.com/@editorjs/image/-/image-2.6.2.tgz#2fc23666807ae20e937d08bf65589f0b1f424aed"
  integrity sha512-lai6LFJ8m3qRmSjio66o0CX7/75OupC3FQ5JWrV/biRT6GvUHtRNWKaMowKcC2ndXtfs4w6WwRxcXlB4WhUAdg==

"@editorjs/list@^1.7.0":
  version "1.7.0"
  resolved "https://registry.yarnpkg.com/@editorjs/list/-/list-1.7.0.tgz#986c55026bdeee2ec7ef74fe09bd4b285e12bd1e"
  integrity sha512-0k0RKbQqfV32u24UYHHz5mrmSu4wr246qqXBT7xQiS533Bfd4hzki6UGzvy4f275ULzi+egbjI3BXLkpoTh9iQ==

"@editorjs/nested-list@^1.0.2":
  version "1.0.2"
  resolved "https://registry.yarnpkg.com/@editorjs/nested-list/-/nested-list-1.0.2.tgz#4eaacfddb0802d0cd612bdd3269d6daa58bf7fab"
  integrity sha512-NumQfEivI29lOAuDMyVhn+VXUDGvWUPJMkjgKlUYRbnwgnPL4tK007+UzoVPLxv/f6lPOqeKcApvCj/MfskPNw==

"@editorjs/paragraph@^2.8.0":
  version "2.8.0"
  resolved "https://registry.yarnpkg.com/@editorjs/paragraph/-/paragraph-2.8.0.tgz#11cc381fcafaf8b9160517ce65d59eee93fc4af9"
  integrity sha512-z6w5ZR0ru3p/IjxJW/tb7OcSnVttkZukQMIsnBMX1FIKc1BNdr7NwM1YoCyTl4OnC90YfL0xgES6/20/W267pw==

"@editorjs/quote@^2.4.0":
  version "2.4.0"
  resolved "https://registry.yarnpkg.com/@editorjs/quote/-/quote-2.4.0.tgz#effe570f9055831a230e0417fafa6091a6169a47"
  integrity sha512-IWOBWjL2ngPP63GcIAltyD9kc7OVZFma4kS+T5JRHvKKDspYsnmrxsbRmCPc+coZQzqPxXHkiOZuNMdmGX/Y3w==

"@editorjs/simple-image@^1.4.1":
  version "1.4.1"
  resolved "https://registry.yarnpkg.com/@editorjs/simple-image/-/simple-image-1.4.1.tgz#16a847e0f21041dfac0af8235d19b8a8a756c493"
  integrity sha512-8lqcMYKrxhnDNasqq4Id9/SwXymSofVb4SJBC7gQoJmNG9bfRgVEXLsEUnuLzn8ixkAYlK2oNTc7ioZdD8bEOw==

"@editorjs/table@^2.0.1":
  version "2.0.1"
  resolved "https://registry.yarnpkg.com/@editorjs/table/-/table-2.0.1.tgz#ec7726b7b662ed4ddbcd023e9a4644fbb6ea73b8"
  integrity sha512-PB8VM+GPRwGy7IlF+WrEQw2A2c36xEXBnYIvf2VGNJo8A7PjYHtuWrlyHHCnGpY4lHXYnavZ/U8pKAfXv86XjA==

"@react-editor-js/client@2.0.6":
  version "2.0.6"
  resolved "https://registry.yarnpkg.com/@react-editor-js/client/-/client-2.0.6.tgz#be9a2704b58322bc37dc6d2acb014f0ff28fe43c"
  integrity sha512-LMMJLAXAwk1kVMy7fxTRFK6OdouvoseqJbmVUygJb2EcfuT84nC9OAtvGEL4vsVLUcnzEV400+F9t5OKa77FGQ==
  dependencies:
    "@react-editor-js/core" "2.0.6"

"@react-editor-js/core@2.0.6":
  version "2.0.6"
  resolved "https://registry.yarnpkg.com/@react-editor-js/core/-/core-2.0.6.tgz#3f20c0668d1f8502489ed7e354ff26461b270dce"
  integrity sha512-mvHM2I+gT3AnvFpFhTZI0EFLKD9pRpgXDf286uwv6n6tngwLfnCCmtCbgiGI9ICph2GJvRZfaQubE+MHQ6YV8g==

"@react-editor-js/server@2.0.6":
  version "2.0.6"
  resolved "https://registry.yarnpkg.com/@react-editor-js/server/-/server-2.0.6.tgz#237f11002b4db9fe754fd9a89ff76f131f8a21fb"
  integrity sha512-soW/bV5auciYr8gEYISWK4fuIblAcc4bcwPuCKnDBj9W9r/nAxMmNgCG+z9rs9Gnroa0Ko3Hzwzs9d5MdOShzg==
  dependencies:
    "@react-editor-js/core" "2.0.6"

codex-notifier@^1.1.2:
  version "1.1.2"
  resolved "https://registry.yarnpkg.com/codex-notifier/-/codex-notifier-1.1.2.tgz#a733079185f4c927fa296f1d71eb8753fe080895"
  integrity sha512-DCp6xe/LGueJ1N5sXEwcBc3r3PyVkEEDNWCVigfvywAkeXcZMk9K41a31tkEFBW0Ptlwji6/JlAb49E3Yrxbtg==

codex-tooltip@^1.0.4:
  version "1.0.5"
  resolved "https://registry.yarnpkg.com/codex-tooltip/-/codex-tooltip-1.0.5.tgz#ba25fd5b3a58ba2f73fd667c2b46987ffd1edef2"
  integrity sha512-IuA8LeyLU5p1B+HyhOsqR6oxyFQ11k3i9e9aXw40CrHFTRO2Y1npNBVU3W1SvhKAbUU7R/YikUBdcYFP0RcJag==

dom-serializer@^1.0.1:
  version "1.4.1"
  resolved "https://registry.yarnpkg.com/dom-serializer/-/dom-serializer-1.4.1.tgz#de5d41b1aea290215dc45a6dae8adcf1d32e2d30"
  integrity sha512-VHwB3KfrcOOkelEG2ZOfxqLZdfkil8PtJi4P8N2MMXucZq2yLp75ClViUlOVwyoHEDjYU433Aq+5zWP61+RGag==
  dependencies:
    domelementtype "^2.0.1"
    domhandler "^4.2.0"
    entities "^2.0.0"

domelementtype@^2.0.1, domelementtype@^2.2.0:
  version "2.3.0"
  resolved "https://registry.yarnpkg.com/domelementtype/-/domelementtype-2.3.0.tgz#5c45e8e869952626331d7aab326d01daf65d589d"
  integrity sha512-OLETBj6w0OsagBwdXnPdN0cnMfF9opN69co+7ZrbfPGrdpPVNBUj02spi6B1N7wChLQiPn4CSH/zJvXw56gmHw==

domhandler@4.3.1, domhandler@^4.2.0, domhandler@^4.2.2:
  version "4.3.1"
  resolved "https://registry.yarnpkg.com/domhandler/-/domhandler-4.3.1.tgz#8d792033416f59d68bc03a5aa7b018c1ca89279c"
  integrity sha512-GrwoxYN+uWlzO8uhUXRl0P+kHE4GtVPfYzVLcUxPL7KNdHKj66vvlhiweIHqYYXWlw+T8iLMp42Lm67ghw4WMQ==
  dependencies:
    domelementtype "^2.2.0"

domutils@^2.8.0:
  version "2.8.0"
  resolved "https://registry.yarnpkg.com/domutils/-/domutils-2.8.0.tgz#4437def5db6e2d1f5d6ee859bd95ca7d02048135"
  integrity sha512-w96Cjofp72M5IIhpjgobBimYEfoPjx1Vx0BSX9P30WBdZW2WIKU0T1Bd0kz2eNZ9ikjKgHbEyKx8BB6H1L3h3A==
  dependencies:
    dom-serializer "^1.0.1"
    domelementtype "^2.2.0"
    domhandler "^4.2.0"

editorjs-blocks-react-renderer@^1.2.4:
  version "1.2.4"
  resolved "https://registry.yarnpkg.com/editorjs-blocks-react-renderer/-/editorjs-blocks-react-renderer-1.2.4.tgz#bec61247187cc082a4d5b21c616025515a5553b8"
  integrity sha512-oplMOLKAgMBJ/URPXDOa5pm5XAoTTAn1p+NS9AdbH+Fr2fbnTZuiYIhQdmlkXQfH+DVtPztAFtz5G54z6aDq3w==
  dependencies:
    html-react-parser "^1.4.5"

entities@^2.0.0:
  version "2.2.0"
  resolved "https://registry.yarnpkg.com/entities/-/entities-2.2.0.tgz#098dc90ebb83d8dffa089d55256b351d34c4da55"
  integrity sha512-p92if5Nz619I0w+akJrLZH0MX0Pb5DX39XOwQTtXSdQQOaYH03S1uIQp4mhOZtAXrxq4ViO67YTiLBo2638o9A==

entities@^3.0.1:
  version "3.0.1"
  resolved "https://registry.yarnpkg.com/entities/-/entities-3.0.1.tgz#2b887ca62585e96db3903482d336c1006c3001d4"
  integrity sha512-WiyBqoomrwMdFG1e0kqvASYfnlb0lp8M5o5Fw2OFq1hNZxxcNk8Ik0Xm7LxzBhuidnZB/UtBqVCgUz3kBOP51Q==

html-dom-parser@1.1.1:
  version "1.1.1"
  resolved "https://registry.yarnpkg.com/html-dom-parser/-/html-dom-parser-1.1.1.tgz#8fa32874bbfde0208a4e57b2342558d1cc8581d8"
  integrity sha512-ddijSO0GluZEdlLNmiAjFI+CkAgzUgf8n3vpitQhvlsniPMbCSWtu+QYmioaVmEN0stytm9C38p6SsTDthv0cA==
  dependencies:
    domhandler "4.3.1"
    htmlparser2 "7.2.0"

html-react-parser@^1.4.5:
  version "1.4.10"
  resolved "https://registry.yarnpkg.com/html-react-parser/-/html-react-parser-1.4.10.tgz#36862197876ccb9a32736f462555ba561350b715"
  integrity sha512-GiG7mEwI0enY7hz0F0Zx1B4D0MCQWx2xH0KdVNV9fjqOXwwnPYM79meJ2dsIJf9QR4qQTTPEdSq7wlJfq/i6Tw==
  dependencies:
    domhandler "4.3.1"
    html-dom-parser "1.1.1"
    react-property "2.0.0"
    style-to-js "1.1.0"

htmlparser2@7.2.0:
  version "7.2.0"
  resolved "https://registry.yarnpkg.com/htmlparser2/-/htmlparser2-7.2.0.tgz#8817cdea38bbc324392a90b1990908e81a65f5a5"
  integrity sha512-H7MImA4MS6cw7nbyURtLPO1Tms7C5H602LRETv95z1MxO/7CP7rDVROehUYeYBUYEON94NXXDEPmZuq+hX4sog==
  dependencies:
    domelementtype "^2.0.1"
    domhandler "^4.2.2"
    domutils "^2.8.0"
    entities "^3.0.1"

inline-style-parser@0.1.1:
  version "0.1.1"
  resolved "https://registry.yarnpkg.com/inline-style-parser/-/inline-style-parser-0.1.1.tgz#ec8a3b429274e9c0a1f1c4ffa9453a7fef72cea1"
  integrity sha512-7NXolsK4CAS5+xvdj5OMMbI962hU/wvwoxk+LWR9Ek9bVtyuuYScDN6eS0rUm6TxApFpw7CX1o4uJzcd4AyD3Q==

nanoid@^3.1.22:
  version "3.3.2"
  resolved "https://registry.yarnpkg.com/nanoid/-/nanoid-3.3.2.tgz#c89622fafb4381cd221421c69ec58547a1eec557"
  integrity sha512-CuHBogktKwpm5g2sRgv83jEy2ijFzBwMoYA60orPDR7ynsLijJDqgsi4RDGj3OJpy3Ieb+LYwiRmIOGyytgITA==

react-editor-js@^2.0.6:
  version "2.0.6"
  resolved "https://registry.yarnpkg.com/react-editor-js/-/react-editor-js-2.0.6.tgz#34771596986d79513e12e5f4990da46b9e0f2430"
  integrity sha512-8u47IbhExiFB2kGNdJYlsX5iVlSzac38A3oJ7bmnTz3Lp7Slys1xreoYdG71+KiOcfX0dEgOIavV4e6TJeB5eg==
  dependencies:
    "@react-editor-js/client" "2.0.6"
    "@react-editor-js/server" "2.0.6"

react-property@2.0.0:
  version "2.0.0"
  resolved "https://registry.yarnpkg.com/react-property/-/react-property-2.0.0.tgz#2156ba9d85fa4741faf1918b38efc1eae3c6a136"
  integrity sha512-kzmNjIgU32mO4mmH5+iUyrqlpFQhF8K2k7eZ4fdLSOPFrD1XgEuSBv9LDEgxRXTMBqMd8ppT0x6TIzqE5pdGdw==

style-to-js@1.1.0:
  version "1.1.0"
  resolved "https://registry.yarnpkg.com/style-to-js/-/style-to-js-1.1.0.tgz#631cbb20fce204019b3aa1fcb5b69d951ceac4ac"
  integrity sha512-1OqefPDxGrlMwcbfpsTVRyzwdhr4W0uxYQzeA2F1CBc8WG04udg2+ybRnvh3XYL4TdHQrCahLtax2jc8xaE6rA==
  dependencies:
    style-to-object "0.3.0"

style-to-object@0.3.0:
  version "0.3.0"
  resolved "https://registry.yarnpkg.com/style-to-object/-/style-to-object-0.3.0.tgz#b1b790d205991cc783801967214979ee19a76e46"
  integrity sha512-CzFnRRXhzWIdItT3OmF8SQfWyahHhjq3HwcMNCNLn+N7klOOqPjMeG/4JSu77D7ypZdGvSzvkrbyeTMizz2VrA==
  dependencies:
    inline-style-parser "0.1.1"
